github.com/OneOfOne/xxhash v1.2.8 h1:31czK/TI9sNkxIKfaUfGlU47BAxQ0ztGgd9vPyqimf8=
github.com/OneOfOne/xxhash v1.2.8/go.mod h1:eZbhyaAYD41SGSSsnmcpxVoRiQ/MPUTjUdIIOT9Um7Q=
github.com/glycerine/go-capnproto v0.0.0-20190118050403-2d07de3aa7fc h1:n3B+IEq6eyDBQEDkWQRu2YLBQgoDFxFaYwZVJ7JZsYE=
github.com/glycerine/go-capnproto v0.0.0-20190118050403-2d07de3aa7fc/go.mod h1:m3T7EePpPioSh7P8N3aSNn/4t4TuXYhnJxQF3KXAbSg=
github.com/glycerine/goconvey v0.0.0-20190410193231-58a59202ab31 h1:gclg6gY70GLy3PbkQ1AERPfmLMMagS60DKF78eWwLn8=
github.com/glycerine/goconvey v0.0.0-20190410193231-58a59202ab31/go.mod h1:Ogl1Tioa0aV7gstGFO7KhffUsb9M4ydbEbbxpcEDc24=
github.com/glycerine/gommap v0.0.0-20131202084435-e87a6e482c2c/go.mod h1:RR9+mtUNj/IntewIPAe5jXnty8sk/WWPMwKHPWqaenA=
github.com/glycerine/offheap v0.0.0-20200204200052-59ae746ecdbc h1:b/BAJimjUAHNF0KBZxsOaQr44HXQ+2zYGTNDUwhjUQY=
github.com/glycerine/offheap v0.0.0-20200204200052-59ae746ecdbc/go.mod h1:oh/Acrh9qWsStq+S9uVF5S4gRHx3gZghjzEffADy2rA=
github.com/glycerine/rbtree v0.0.0-20190406191118-ceb71889d809 h1:wBr8MeUUS+Xi4oweFspffWBlDw8s1rGmRBwM4fUjxrc=
github.com/glycerine/rbtree v0.0.0-20190406191118-ceb71889d809/go.mod h1:tf1G9WLJXoNEQ5TWYvCSkqsOepuCNCJebECwJ/B/64I=
github.com/glycerine/xxhash-64 v0.0.0-20141126165429-b5299520b343/go.mod h1:yR2Lhu9gqDda8y/UGScYMDkCMjX3i+Ttpaz8+92I/1Q=
github.com/gopherjs/gopherjs v0.0.0-20200217142428-fce0ec30dd00 h1:l5lAOZEym3oK3SQ2HBHWsJUfbNBiTXJDeW2QDxw9AQ0=
github.com/gopherjs/gopherjs v0.0.0-20200217142428-fce0ec30dd00/go.mod h1:wJfORRmW1u3UXTncJ5qlYoELFm8eSnnEO6hX4iZ3EWY=
github.com/jtolds/gls v4.20.0+incompatible/go.mod h1:QJZ7F/aHp+rZTRtaJ1ow/lLfFfVYBRgL+9YlvaHOwJU=
github.com/kr/pty v1.1.1/go.mod h1:pFQYn66WHrOpPYNljwOMqo10TkYh1fy3cYio2l3bCsQ=
github.com/kr/text v0.1.0/go.mod h1:4Jbv+DJW3UT/LiOwJeYQe1efqtUx/iVham/4vfdArNI=
github.com/niemeyer/pretty v0.0.0-20200227124842-a10e7caefd8e h1:fD57ERR4JtEqsWbfPhv4DMiApHyliiK5xCTNVSPiaAs=
github.com/niemeyer/pretty v0.0.0-20200227124842-a10e7caefd8e/go.mod h1:zD1mROLANZcx1PVRCS0qkT7pwLkGfwJo4zjcN/Tysno=
github.com/philhofer/fwd v1.0.0/go.mod h1:gk3iGcWd9+svBvR0sR+KPcfE+RNWozjowpeBVG3ZVNU=
github.com/shurcooL/go v0.0.0-20200502201357-93f07166e636 h1:aSISeOcal5irEhJd1M+IrApc0PdcN7e7Aj4yuEnOrfQ=
github.com/shurcooL/go v0.0.0-20200502201357-93f07166e636/go.mod h1:TDJrrUr11Vxrven61rcy3hJMUqaf/CLWYhHNPmT14Lk=
github.com/shurcooL/go-goon v0.0.0-20170922171312-37c2f522c041/go.mod h1:N5mDOmsrJOB+vfqUK+7DmDyjhSLIIBnXo9lvZJj3MWQ=
github.com/tinylib/msgp v1.1.2 h1:gWmO7n0Ys2RBEb7GPYB9Ujq8Mk5p2U08lRnmMcGy6BQ=
github.com/tinylib/msgp v1.1.2/go.mod h1:+d+yLhGm8mzTaHzB+wgMYrodPfmZrzkirds8fDWklFE=
github.com/tysontate/gommap v0.0.0-20190103205956-899e1273fb5c h1:551Cm4YNqmckBc0maTSsNhcTZGhhbOlWDwBVMMlS2eA=
github.com/tysontate/gommap v0.0.0-20190103205956-899e1273fb5c/go.mod h1:D/qzp3BypYxGri+RgzDSv3Fml0qkzA85BPPwrNNYbSs=
gopkg.in/check.v1 v1.0.0-20200227125254-8fa46927fb4f h1:BLraFXnmrev5lT+xlilqcH8XK9/i0At2xKjWk4p6zsU=
gopkg.in/check.v1 v1.0.0-20200227125254-8fa46927fb4f/go.mod h1:Co6ibVJAznAaIkqp8huTwlJQCZ016jof/cbN4VW5Yz0=
launchpad.net/gocheck v0.0.0-20140225173054-000000000087 h1:Izowp2XBH6Ya6rv+hqbceQyw/gSGoXfH/UPoTGduL54=
launchpad.net/gocheck v0.0.0-20140225173054-000000000087/go.mod h1:hj7XX3B/0A+80Vse0e+BUHsHMTEhd0O4cpUHr/e/BUM=
